
Microsoft Visual Studio Solution File, Format Version 12.00
# Visual Studio 14
VisualStudioVersion = 14.0.24720.0
MinimumVisualStudioVersion = 10.0.40219.1
Project("{FAE04EC0-301F-11D3-BF4B-00C04F79EFBC}") = "RDMService", "RDMService\RDMService.csproj", "{20E20A8A-DFE7-4E55-9DB4-F62DFD61D161}"
EndProject
Project("{FAE04EC0-301F-11D3-BF4B-00C04F79EFBC}") = "ConsumeWebServiceRest", "ConsumeWebServiceRest\ConsumeWebServiceRest.csproj", "{31F3783D-D16F-4049-8ED2-D78C12DA6391}"
EndProject
Project("{FAE04EC0-301F-11D3-BF4B-00C04F79EFBC}") = "UnitTestRDMService", "UnitTestRDMService\UnitTestRDMService.csproj", "{3D4F9A78-6467-4851-BAB4-C9B7005A85DF}"
EndProject
Project("{FAE04EC0-301F-11D3-BF4B-00C04F79EFBC}") = "ConsoleTestWS", "ConsoleTestWS\ConsoleTestWS.csproj", "{BE1B30C0-1841-405F-B73B-5E6868706255}"
EndProject
Project("{FAE04EC0-301F-11D3-BF4B-00C04F79EFBC}") = "ClientTest", "ClientTest\ClientTest.csproj", "{8D391D62-AFFA-4319-9F7A-C976793AD1D3}"
EndProject
Project("{FAE04EC0-301F-11D3-BF4B-00C04F79EFBC}") = "RDMDALWSR", "RDMDALWSR\RDMDALWSR.csproj", "{BCDE0624-244C-499E-9C83-D3C12FF05789}"
EndProject
Project("{FAE04EC0-301F-11D3-BF4B-00C04F79EFBC}") = "RDMWinPhone", "RDMWinPhone\RDMWinPhone.csproj", "{2DDB84CD-7531-4F71-80B9-2F04A603D002}"
EndProject
Global
	GlobalSection(SolutionConfigurationPlatforms) = preSolution
		Debug|Any CPU = Debug|Any CPU
		Debug|ARM = Debug|ARM
		Debug|x86 = Debug|x86
		Release|Any CPU = Release|Any CPU
		Release|ARM = Release|ARM
		Release|x86 = Release|x86
	EndGlobalSection
	GlobalSection(ProjectConfigurationPlatforms) = postSolution
		{20E20A8A-DFE7-4E55-9DB4-F62DFD61D161}.Debug|Any CPU.ActiveCfg = Debug|Any CPU
		{20E20A8A-DFE7-4E55-9DB4-F62DFD61D161}.Debug|Any CPU.Build.0 = Debug|Any CPU
		{20E20A8A-DFE7-4E55-9DB4-F62DFD61D161}.Debug|ARM.ActiveCfg = Debug|Any CPU
		{20E20A8A-DFE7-4E55-9DB4-F62DFD61D161}.Debug|ARM.Build.0 = Debug|Any CPU
		{20E20A8A-DFE7-4E55-9DB4-F62DFD61D161}.Debug|x86.ActiveCfg = Debug|Any CPU
		{20E20A8A-DFE7-4E55-9DB4-F62DFD61D161}.Debug|x86.Build.0 = Debug|Any CPU
		{20E20A8A-DFE7-4E55-9DB4-F62DFD61D161}.Release|Any CPU.ActiveCfg = Release|Any CPU
		{20E20A8A-DFE7-4E55-9DB4-F62DFD61D161}.Release|Any CPU.Build.0 = Release|Any CPU
		{20E20A8A-DFE7-4E55-9DB4-F62DFD61D161}.Release|ARM.ActiveCfg = Release|Any CPU
		{20E20A8A-DFE7-4E55-9DB4-F62DFD61D161}.Release|ARM.Build.0 = Release|Any CPU
		{20E20A8A-DFE7-4E55-9DB4-F62DFD61D161}.Release|x86.ActiveCfg = Release|Any CPU
		{20E20A8A-DFE7-4E55-9DB4-F62DFD61D161}.Release|x86.Build.0 = Release|Any CPU
		{31F3783D-D16F-4049-8ED2-D78C12DA6391}.Debug|Any CPU.ActiveCfg = Debug|Any CPU
		{31F3783D-D16F-4049-8ED2-D78C12DA6391}.Debug|Any CPU.Build.0 = Debug|Any CPU
		{31F3783D-D16F-4049-8ED2-D78C12DA6391}.Debug|ARM.ActiveCfg = Debug|Any CPU
		{31F3783D-D16F-4049-8ED2-D78C12DA6391}.Debug|ARM.Build.0 = Debug|Any CPU
		{31F3783D-D16F-4049-8ED2-D78C12DA6391}.Debug|x86.ActiveCfg = Debug|Any CPU
		{31F3783D-D16F-4049-8ED2-D78C12DA6391}.Debug|x86.Build.0 = Debug|Any CPU
		{31F3783D-D16F-4049-8ED2-D78C12DA6391}.Release|Any CPU.ActiveCfg = Release|Any CPU
		{31F3783D-D16F-4049-8ED2-D78C12DA6391}.Release|Any CPU.Build.0 = Release|Any CPU
		{31F3783D-D16F-4049-8ED2-D78C12DA6391}.Release|ARM.ActiveCfg = Release|Any CPU
		{31F3783D-D16F-4049-8ED2-D78C12DA6391}.Release|ARM.Build.0 = Release|Any CPU
		{31F3783D-D16F-4049-8ED2-D78C12DA6391}.Release|x86.ActiveCfg = Release|Any CPU
		{31F3783D-D16F-4049-8ED2-D78C12DA6391}.Release|x86.Build.0 = Release|Any CPU
		{3D4F9A78-6467-4851-BAB4-C9B7005A85DF}.Debug|Any CPU.ActiveCfg = Debug|Any CPU
		{3D4F9A78-6467-4851-BAB4-C9B7005A85DF}.Debug|Any CPU.Build.0 = Debug|Any CPU
		{3D4F9A78-6467-4851-BAB4-C9B7005A85DF}.Debug|ARM.ActiveCfg = Debug|Any CPU
		{3D4F9A78-6467-4851-BAB4-C9B7005A85DF}.Debug|ARM.Build.0 = Debug|Any CPU
		{3D4F9A78-6467-4851-BAB4-C9B7005A85DF}.Debug|x86.ActiveCfg = Debug|Any CPU
		{3D4F9A78-6467-4851-BAB4-C9B7005A85DF}.Debug|x86.Build.0 = Debug|Any CPU
		{3D4F9A78-6467-4851-BAB4-C9B7005A85DF}.Release|Any CPU.ActiveCfg = Release|Any CPU
		{3D4F9A78-6467-4851-BAB4-C9B7005A85DF}.Release|Any CPU.Build.0 = Release|Any CPU
		{3D4F9A78-6467-4851-BAB4-C9B7005A85DF}.Release|ARM.ActiveCfg = Release|Any CPU
		{3D4F9A78-6467-4851-BAB4-C9B7005A85DF}.Release|ARM.Build.0 = Release|Any CPU
		{3D4F9A78-6467-4851-BAB4-C9B7005A85DF}.Release|x86.ActiveCfg = Release|Any CPU
		{3D4F9A78-6467-4851-BAB4-C9B7005A85DF}.Release|x86.Build.0 = Release|Any CPU
		{BE1B30C0-1841-405F-B73B-5E6868706255}.Debug|Any CPU.ActiveCfg = Debug|Any CPU
		{BE1B30C0-1841-405F-B73B-5E6868706255}.Debug|Any CPU.Build.0 = Debug|Any CPU
		{BE1B30C0-1841-405F-B73B-5E6868706255}.Debug|ARM.ActiveCfg = Debug|Any CPU
		{BE1B30C0-1841-405F-B73B-5E6868706255}.Debug|ARM.Build.0 = Debug|Any CPU
		{BE1B30C0-1841-405F-B73B-5E6868706255}.Debug|x86.ActiveCfg = Debug|Any CPU
		{BE1B30C0-1841-405F-B73B-5E6868706255}.Debug|x86.Build.0 = Debug|Any CPU
		{BE1B30C0-1841-405F-B73B-5E6868706255}.Release|Any CPU.ActiveCfg = Release|Any CPU
		{BE1B30C0-1841-405F-B73B-5E6868706255}.Release|Any CPU.Build.0 = Release|Any CPU
		{BE1B30C0-1841-405F-B73B-5E6868706255}.Release|ARM.ActiveCfg = Release|Any CPU
		{BE1B30C0-1841-405F-B73B-5E6868706255}.Release|ARM.Build.0 = Release|Any CPU
		{BE1B30C0-1841-405F-B73B-5E6868706255}.Release|x86.ActiveCfg = Release|Any CPU
		{BE1B30C0-1841-405F-B73B-5E6868706255}.Release|x86.Build.0 = Release|Any CPU
		{8D391D62-AFFA-4319-9F7A-C976793AD1D3}.Debug|Any CPU.ActiveCfg = Debug|Any CPU
		{8D391D62-AFFA-4319-9F7A-C976793AD1D3}.Debug|Any CPU.Build.0 = Debug|Any CPU
		{8D391D62-AFFA-4319-9F7A-C976793AD1D3}.Debug|ARM.ActiveCfg = Debug|Any CPU
		{8D391D62-AFFA-4319-9F7A-C976793AD1D3}.Debug|ARM.Build.0 = Debug|Any CPU
		{8D391D62-AFFA-4319-9F7A-C976793AD1D3}.Debug|x86.ActiveCfg = Debug|Any CPU
		{8D391D62-AFFA-4319-9F7A-C976793AD1D3}.Debug|x86.Build.0 = Debug|Any CPU
		{8D391D62-AFFA-4319-9F7A-C976793AD1D3}.Release|Any CPU.ActiveCfg = Release|Any CPU
		{8D391D62-AFFA-4319-9F7A-C976793AD1D3}.Release|Any CPU.Build.0 = Release|Any CPU
		{8D391D62-AFFA-4319-9F7A-C976793AD1D3}.Release|ARM.ActiveCfg = Release|Any CPU
		{8D391D62-AFFA-4319-9F7A-C976793AD1D3}.Release|ARM.Build.0 = Release|Any CPU
		{8D391D62-AFFA-4319-9F7A-C976793AD1D3}.Release|x86.ActiveCfg = Release|Any CPU
		{8D391D62-AFFA-4319-9F7A-C976793AD1D3}.Release|x86.Build.0 = Release|Any CPU
		{BCDE0624-244C-499E-9C83-D3C12FF05789}.Debug|Any CPU.ActiveCfg = Debug|Any CPU
		{BCDE0624-244C-499E-9C83-D3C12FF05789}.Debug|Any CPU.Build.0 = Debug|Any CPU
		{BCDE0624-244C-499E-9C83-D3C12FF05789}.Debug|ARM.ActiveCfg = Debug|Any CPU
		{BCDE0624-244C-499E-9C83-D3C12FF05789}.Debug|ARM.Build.0 = Debug|Any CPU
		{BCDE0624-244C-499E-9C83-D3C12FF05789}.Debug|x86.ActiveCfg = Debug|Any CPU
		{BCDE0624-244C-499E-9C83-D3C12FF05789}.Debug|x86.Build.0 = Debug|Any CPU
		{BCDE0624-244C-499E-9C83-D3C12FF05789}.Release|Any CPU.ActiveCfg = Release|Any CPU
		{BCDE0624-244C-499E-9C83-D3C12FF05789}.Release|Any CPU.Build.0 = Release|Any CPU
		{BCDE0624-244C-499E-9C83-D3C12FF05789}.Release|ARM.ActiveCfg = Release|Any CPU
		{BCDE0624-244C-499E-9C83-D3C12FF05789}.Release|ARM.Build.0 = Release|Any CPU
		{BCDE0624-244C-499E-9C83-D3C12FF05789}.Release|x86.ActiveCfg = Release|Any CPU
		{BCDE0624-244C-499E-9C83-D3C12FF05789}.Release|x86.Build.0 = Release|Any CPU
		{2DDB84CD-7531-4F71-80B9-2F04A603D002}.Debug|Any CPU.ActiveCfg = Debug|Any CPU
		{2DDB84CD-7531-4F71-80B9-2F04A603D002}.Debug|Any CPU.Build.0 = Debug|Any CPU
		{2DDB84CD-7531-4F71-80B9-2F04A603D002}.Debug|Any CPU.Deploy.0 = Debug|Any CPU
		{2DDB84CD-7531-4F71-80B9-2F04A603D002}.Debug|ARM.ActiveCfg = Debug|ARM
		{2DDB84CD-7531-4F71-80B9-2F04A603D002}.Debug|ARM.Build.0 = Debug|ARM
		{2DDB84CD-7531-4F71-80B9-2F04A603D002}.Debug|ARM.Deploy.0 = Debug|ARM
		{2DDB84CD-7531-4F71-80B9-2F04A603D002}.Debug|x86.ActiveCfg = Debug|x86
		{2DDB84CD-7531-4F71-80B9-2F04A603D002}.Debug|x86.Build.0 = Debug|x86
		{2DDB84CD-7531-4F71-80B9-2F04A603D002}.Debug|x86.Deploy.0 = Debug|x86
		{2DDB84CD-7531-4F71-80B9-2F04A603D002}.Release|Any CPU.ActiveCfg = Release|Any CPU
		{2DDB84CD-7531-4F71-80B9-2F04A603D002}.Release|Any CPU.Build.0 = Release|Any CPU
		{2DDB84CD-7531-4F71-80B9-2F04A603D002}.Release|Any CPU.Deploy.0 = Release|Any CPU
		{2DDB84CD-7531-4F71-80B9-2F04A603D002}.Release|ARM.ActiveCfg = Release|ARM
		{2DDB84CD-7531-4F71-80B9-2F04A603D002}.Release|ARM.Build.0 = Release|ARM
		{2DDB84CD-7531-4F71-80B9-2F04A603D002}.Release|ARM.Deploy.0 = Release|ARM
		{2DDB84CD-7531-4F71-80B9-2F04A603D002}.Release|x86.ActiveCfg = Release|x86
		{2DDB84CD-7531-4F71-80B9-2F04A603D002}.Release|x86.Build.0 = Release|x86
		{2DDB84CD-7531-4F71-80B9-2F04A603D002}.Release|x86.Deploy.0 = Release|x86
	EndGlobalSection
	GlobalSection(SolutionProperties) = preSolution
		HideSolutionNode = FALSE
	EndGlobalSection
EndGlobal
