
Microsoft Visual Studio Solution File, Format Version 12.00
# Visual Studio 14
VisualStudioVersion = 14.0.25420.1
MinimumVisualStudioVersion = 10.0.40219.1
Project("{FAE04EC0-301F-11D3-BF4B-00C04F79EFBC}") = "RDMService", "RDMService\RDMService.csproj", "{20E20A8A-DFE7-4E55-9DB4-F62DFD61D161}"
EndProject
Project("{FAE04EC0-301F-11D3-BF4B-00C04F79EFBC}") = "ConsumeWebServiceRest", "ConsumeWebServiceRest\ConsumeWebServiceRest.csproj", "{31F3783D-D16F-4049-8ED2-D78C12DA6391}"
EndProject
Project("{FAE04EC0-301F-11D3-BF4B-00C04F79EFBC}") = "RDMDALWSR", "RDMDALWSR\RDMDALWSR.csproj", "{9111087F-966D-4420-B27D-D032BEE75CA8}"
EndProject
Project("{FAE04EC0-301F-11D3-BF4B-00C04F79EFBC}") = "UnitTestRDMService", "UnitTestRDMService\UnitTestRDMService.csproj", "{3D4F9A78-6467-4851-BAB4-C9B7005A85DF}"
EndProject
Project("{FAE04EC0-301F-11D3-BF4B-00C04F79EFBC}") = "ConsoleTestWS", "ConsoleTestWS\ConsoleTestWS.csproj", "{BE1B30C0-1841-405F-B73B-5E6868706255}"
EndProject
Global
	GlobalSection(SolutionConfigurationPlatforms) = preSolution
		Debug|Any CPU = Debug|Any CPU
		Release|Any CPU = Release|Any CPU
	EndGlobalSection
	GlobalSection(ProjectConfigurationPlatforms) = postSolution
		{20E20A8A-DFE7-4E55-9DB4-F62DFD61D161}.Debug|Any CPU.ActiveCfg = Debug|Any CPU
		{20E20A8A-DFE7-4E55-9DB4-F62DFD61D161}.Debug|Any CPU.Build.0 = Debug|Any CPU
		{20E20A8A-DFE7-4E55-9DB4-F62DFD61D161}.Release|Any CPU.ActiveCfg = Release|Any CPU
		{20E20A8A-DFE7-4E55-9DB4-F62DFD61D161}.Release|Any CPU.Build.0 = Release|Any CPU
		{31F3783D-D16F-4049-8ED2-D78C12DA6391}.Debug|Any CPU.ActiveCfg = Debug|Any CPU
		{31F3783D-D16F-4049-8ED2-D78C12DA6391}.Debug|Any CPU.Build.0 = Debug|Any CPU
		{31F3783D-D16F-4049-8ED2-D78C12DA6391}.Release|Any CPU.ActiveCfg = Release|Any CPU
		{31F3783D-D16F-4049-8ED2-D78C12DA6391}.Release|Any CPU.Build.0 = Release|Any CPU
		{9111087F-966D-4420-B27D-D032BEE75CA8}.Debug|Any CPU.ActiveCfg = Debug|Any CPU
		{9111087F-966D-4420-B27D-D032BEE75CA8}.Debug|Any CPU.Build.0 = Debug|Any CPU
		{9111087F-966D-4420-B27D-D032BEE75CA8}.Release|Any CPU.ActiveCfg = Release|Any CPU
		{9111087F-966D-4420-B27D-D032BEE75CA8}.Release|Any CPU.Build.0 = Release|Any CPU
		{3D4F9A78-6467-4851-BAB4-C9B7005A85DF}.Debug|Any CPU.ActiveCfg = Debug|Any CPU
		{3D4F9A78-6467-4851-BAB4-C9B7005A85DF}.Debug|Any CPU.Build.0 = Debug|Any CPU
		{3D4F9A78-6467-4851-BAB4-C9B7005A85DF}.Release|Any CPU.ActiveCfg = Release|Any CPU
		{3D4F9A78-6467-4851-BAB4-C9B7005A85DF}.Release|Any CPU.Build.0 = Release|Any CPU
		{BE1B30C0-1841-405F-B73B-5E6868706255}.Debug|Any CPU.ActiveCfg = Debug|Any CPU
		{BE1B30C0-1841-405F-B73B-5E6868706255}.Debug|Any CPU.Build.0 = Debug|Any CPU
		{BE1B30C0-1841-405F-B73B-5E6868706255}.Release|Any CPU.ActiveCfg = Release|Any CPU
		{BE1B30C0-1841-405F-B73B-5E6868706255}.Release|Any CPU.Build.0 = Release|Any CPU
	EndGlobalSection
	GlobalSection(SolutionProperties) = preSolution
		HideSolutionNode = FALSE
	EndGlobalSection
EndGlobal
